// !$*UTF8*$!
{
	archiveVersion = 1;
	classes = {
	};
	objectVersion = 46;
	objects = {

/* Begin PBXBuildFile section */
		98F0DA271D3A927E00308329 /* main.m in Sources */ = {isa = PBXBuildFile; fileRef = 98F0DA261D3A927E00308329 /* main.m */; };
		98F0DA2A1D3A927E00308329 /* AppDelegate.m in Sources */ = {isa = PBXBuildFile; fileRef = 98F0DA291D3A927E00308329 /* AppDelegate.m */; };
		98F0DA2D1D3A927E00308329 /* ViewController.m in Sources */ = {isa = PBXBuildFile; fileRef = 98F0DA2C1D3A927E00308329 /* ViewController.m */; };
		98F0DA301D3A927E00308329 /* Main.storyboard in Resources */ = {isa = PBXBuildFile; fileRef = 98F0DA2E1D3A927E00308329 /* Main.storyboard */; };
		98F0DA321D3A927E00308329 /* Assets.xcassets in Resources */ = {isa = PBXBuildFile; fileRef = 98F0DA311D3A927E00308329 /* Assets.xcassets */; };
		98F0DA351D3A927E00308329 /* LaunchScreen.storyboard in Resources */ = {isa = PBXBuildFile; fileRef = 98F0DA331D3A927E00308329 /* LaunchScreen.storyboard */; };
/* End PBXBuildFile section */

/* Begin PBXFileReference section */
		98F0DA221D3A927E00308329 /* MyNewDate.app */ = {isa = PBXFileReference; explicitFileType = wrapper.application; includeInIndex = 0; path = MyNewDate.app; sourceTree = BUILT_PRODUCTS_DIR; };
		98F0DA261D3A927E00308329 /* main.m */ = {isa = PBXFileReference; lastKnownFileType = sourcecode.c.objc; path = main.m; sourceTree = "<group>"; };
		98F0DA281D3A927E00308329 /* AppDelegate.h */ = {isa = PBXFileReference; lastKnownFileType = sourcecode.c.h; path = AppDelegate.h; sourceTree = "<group>"; };
		98F0DA291D3A927E00308329 /* AppDelegate.m */ = {isa = PBXFileReference; lastKnownFileType = sourcecode.c.objc; path = AppDelegate.m; sourceTree = "<group>"; };
		98F0DA2B1D3A927E00308329 /* ViewController.h */ = {isa = PBXFileReference; lastKnownFileType = sourcecode.c.h; path = ViewController.h; sourceTree = "<group>"; };
		98F0DA2C1D3A927E00308329 /* ViewController.m */ = {isa = PBXFileReference; lastKnownFileType = sourcecode.c.objc; path = ViewController.m; sourceTree = "<group>"; };
		98F0DA2F1D3A927E00308329 /* Base */ = {isa = PBXFileReference; lastKnownFileType = file.storyboard; name = Base; path = Base.lproj/Main.storyboard; sourceTree = "<group>"; };
		98F0DA311D3A927E00308329 /* Assets.xcassets */ = {isa = PBXFileReference; lastKnownFileType = folder.assetcatalog; path = Assets.xcassets; sourceTree = "<group>"; };
		98F0DA341D3A927E00308329 /* Base */ = {isa = PBXFileReference; lastKnownFileType = file.storyboard; name = Base; path = Base.lproj/LaunchScreen.storyboard; sourceTree = "<group>"; };
		98F0DA361D3A927F00308329 /* Info.plist */ = {isa = PBXFileReference; lastKnownFileType = text.plist.xml; path = Info.plist; sourceTree = "<group>"; };
/* End PBXFileReference section */

/* Begin PBXFrameworksBuildPhase section */
		98F0DA1F1D3A927E00308329 /* Frameworks */ = {
			isa = PBXFrameworksBuildPhase;
			buildActionMask = 2147483647;
			files = (
			);
			runOnlyForDeploymentPostprocessing = 0;
		};
/* End PBXFrameworksBuildPhase section */

/* Begin PBXGroup section */
		98F0DA191D3A927E00308329 = {
			isa = PBXGroup;
			children = (
				98F0DA241D3A927E00308329 /* MyNewDate */,
				98F0DA231D3A927E00308329 /* Products */,
			);
			sourceTree = "<group>";
		};
		98F0DA231D3A927E00308329 /* Products */ = {
			isa = PBXGroup;
			children = (
				98F0DA221D3A927E00308329 /* MyNewDate.app */,
			);
			name = Products;
			sourceTree = "<group>";
		};
		98F0DA241D3A927E00308329 /* MyNewDate */ = {
			isa = PBXGroup;
			children = (
				98F0DA281D3A927E00308329 /* AppDelegate.h */,
				98F0DA291D3A927E00308329 /* AppDelegate.m */,
				98F0DA2B1D3A927E00308329 /* ViewController.h */,
				98F0DA2C1D3A927E00308329 /* ViewController.m */,
				98F0DA2E1D3A927E00308329 /* Main.storyboard */,
				98F0DA311D3A927E00308329 /* Assets.xcassets */,
				98F0DA331D3A927E00308329 /* LaunchScreen.storyboard */,
				98F0DA361D3A927F00308329 /* Info.plist */,
				98F0DA251D3A927E00308329 /* Supporting Files */,
			);
			path = MyNewDate;
			sourceTree = "<group>";
		};
		98F0DA251D3A927E00308329 /* Supporting Files */ = {
			isa = PBXGroup;
			children = (
				98F0DA261D3A927E00308329 /* main.m */,
			);
			name = "Supporting Files";
			sourceTree = "<group>";
		};
/* End PBXGroup section */

/* Begin PBXNativeTarget section */
		98F0DA211D3A927E00308329 /* MyNewDate */ = {
			isa = PBXNativeTarget;
			buildConfigurationList = 98F0DA391D3A927F00308329 /* Build configuration list for PBXNativeTarget "MyNewDate" */;
			buildPhases = (
				98F0DA1E1D3A927E00308329 /* Sources */,
				98F0DA1F1D3A927E00308329 /* Frameworks */,
				98F0DA201D3A927E00308329 /* Resources */,
			);
			buildRules = (
			);
			dependencies = (
			);
			name = MyNewDate;
			productName = MyNewDate;
			productReference = 98F0DA221D3A927E00308329 /* MyNewDate.app */;
			productType = "com.apple.product-type.application";
		};
/* End PBXNativeTarget section */

/* Begin PBXProject section */
		98F0DA1A1D3A927E00308329 /* Project object */ = {
			isa = PBXProject;
			attributes = {
				LastUpgradeCheck = 0720;
				ORGANIZATIONNAME = "刘虎";
				TargetAttributes = {
					98F0DA211D3A927E00308329 = {
						CreatedOnToolsVersion = 7.2;
					};
				};
			};
			buildConfigurationList = 98F0DA1D1D3A927E00308329 /* Build configuration list for PBXProject "MyNewDate" */;
			compatibilityVersion = "Xcode 3.2";
			developmentRegion = English;
			hasScannedForEncodings = 0;
			knownRegions = (
				en,
				Base,
			);
			mainGroup = 98F0DA191D3A927E00308329;
			productRefGroup = 98F0DA231D3A927E00308329 /* Products */;
			projectDirPath = "";
			projectRoot = "";
			targets = (
				98F0DA211D3A927E00308329 /* MyNewDate */,
			);
		};
/* End PBXProject section */

/* Begin PBXResourcesBuildPhase section */
		98F0DA201D3A927E00308329 /* Resources */ = {
			isa = PBXResourcesBuildPhase;
			buildActionMask = 2147483647;
			files = (
				98F0DA351D3A927E00308329 /* LaunchScreen.storyboard in Resources */,
				98F0DA321D3A927E00308329 /* Assets.xcassets in Resources */,
				98F0DA301D3A927E00308329 /* Main.storyboard in Resources */,
			);
			runOnlyForDeploymentPostprocessing = 0;
		};
/* End PBXResourcesBuildPhase section */

/* Begin PBXSourcesBuildPhase section */
		98F0DA1E1D3A927E00308329 /* Sources */ = {
			isa = PBXSourcesBuildPhase;
			buildActionMask = 2147483647;
			files = (
				98F0DA2D1D3A927E00308329 /* ViewController.m in Sources */,
				98F0DA2A1D3A927E00308329 /* AppDelegate.m in Sources */,
				98F0DA271D3A927E00308329 /* main.m in Sources */,
			);
			runOnlyForDeploymentPostprocessing = 0;
		};
/* End PBXSourcesBuildPhase section */

/* Begin PBXVariantGroup section */
		98F0DA2E1D3A927E00308329 /* Main.storyboard */ = {
			isa = PBXVariantGroup;
			children = (
				98F0DA2F1D3A927E00308329 /* Base */,
			);
			name = Main.storyboard;
			sourceTree = "<group>";
		};
		98F0DA331D3A927E00308329 /* LaunchScreen.storyboard */ = {
			isa = PBXVariantGroup;
			children = (
				98F0DA341D3A927E00308329 /* Base */,
			);
			name = LaunchScreen.storyboard;
			sourceTree = "<group>";
		};
/* End PBXVariantGroup section */

/* Begin XCBuildConfiguration section */
		98F0DA371D3A927F00308329 /* Debug */ = {
			isa = XCBuildConfiguration;
			buildSettings = {
				ALWAYS_SEARCH_USER_PATHS = NO;
				CLANG_CXX_LANGUAGE_STANDARD = "gnu++0x";
				CLANG_CXX_LIBRARY = "libc++";
				CLANG_ENABLE_MODULES = YES;
				CLANG_ENABLE_OBJC_ARC = YES;
				CLANG_WARN_BOOL_CONVERSION = YES;
				CLANG_WARN_CONSTANT_CONVERSION = YES;
				CLANG_WARN_DIRECT_OBJC_ISA_USAGE = YES_ERROR;
				CLANG_WARN_EMPTY_BODY = YES;
				CLANG_WARN_ENUM_CONVERSION = YES;
				CLANG_WARN_INT_CONVERSION = YES;
				CLANG_WARN_OBJC_ROOT_CLASS = YES_ERROR;
				CLANG_WARN_UNREACHABLE_CODE = YES;
				CLANG_WARN__DUPLICATE_METHOD_MATCH = YES;
				"CODE_SIGN_IDENTITY[sdk=iphoneos*]" = "iPhone Developer";
				COPY_PHASE_STRIP = NO;
				DEBUG_INFORMATION_FORMAT = dwarf;
				ENABLE_STRICT_OBJC_MSGSEND = YES;
				ENABLE_TESTABILITY = YES;
				GCC_C_LANGUAGE_STANDARD = gnu99;
				GCC_DYNAMIC_NO_PIC = NO;
				GCC_NO_COMMON_BLOCKS = YES;
				GCC_OPTIMIZATION_LEVEL = 0;
				GCC_PREPROCESSOR_DEFINITIONS = (
					"DEBUG=1",
					"$(inherited)",
				);
				GCC_WARN_64_TO_32_BIT_CONVERSION = YES;
				GCC_WARN_ABOUT_RETURN_TYPE = YES_ERROR;
				GCC_WARN_UNDECLARED_SELECTOR = YES;
				GCC_WARN_UNINITIALIZED_AUTOS = YES_AGGRESSIVE;
				GCC_WARN_UNUSED_FUNCTION = YES;
				GCC_WARN_UNUSED_VARIABLE = YES;
				IPHONEOS_DEPLOYMENT_TARGET = 9.2;
				MTL_ENABLE_DEBUG_INFO = YES;
				ONLY_ACTIVE_ARCH = YES;
				SDKROOT = iphoneos;
				TARGETED_DEVICE_FAMILY = "1,2";
			};
			name = Debug;
		};
		98F0DA381D3A927F00308329 /* Release */ = {
			isa = XCBuildConfiguration;
			buildSettings = {
				ALWAYS_SEARCH_USER_PATHS = NO;
				CLANG_CXX_LANGUAGE_STANDARD = "gnu++0x";
				CLANG_CXX_LIBRARY = "libc++";
				CLANG_ENABLE_MODULES = YES;
				CLANG_ENABLE_OBJC_ARC = YES;
				CLANG_WARN_BOOL_CONVERSION = YES;
				CLANG_WARN_CONSTANT_CONVERSION = YES;
				CLANG_WARN_DIRECT_OBJC_ISA_USAGE = YES_ERROR;
				CLANG_WARN_EMPTY_BODY = YES;
				CLANG_WARN_ENUM_CONVERSION = YES;
				CLANG_WARN_INT_CONVERSION = YES;
				CLANG_WARN_OBJC_ROOT_CLASS = YES_ERROR;
				CLANG_WARN_UNREACHABLE_CODE = YES;
				CLANG_WARN__DUPLICATE_METHOD_MATCH = YES;
				"CODE_SIGN_IDENTITY[sdk=iphoneos*]" = "iPhone Developer";
				COPY_PHASE_STRIP = NO;
				DEBUG_INFORMATION_FORMAT = "dwarf-with-dsym";
				ENABLE_NS_ASSERTIONS = NO;
				ENABLE_STRICT_OBJC_MSGSEND = YES;
				GCC_C_LANGUAGE_STANDARD = gnu99;
				GCC_NO_COMMON_BLOCKS = YES;
				GCC_WARN_64_TO_32_BIT_CONVERSION = YES;
				GCC_WARN_ABOUT_RETURN_TYPE = YES_ERROR;
				GCC_WARN_UNDECLARED_SELECTOR = YES;
				GCC_WARN_UNINITIALIZED_AUTOS = YES_AGGRESSIVE;
				GCC_WARN_UNUSED_FUNCTION = YES;
				GCC_WARN_UNUSED_VARIABLE = YES;
				IPHONEOS_DEPLOYMENT_TARGET = 9.2;
				MTL_ENABLE_DEBUG_INFO = NO;
				SDKROOT = iphoneos;
				TARGETED_DEVICE_FAMILY = "1,2";
				VALIDATE_PRODUCT = YES;
			};
			name = Release;
		};
		98F0DA3A1D3A927F00308329 /* Debug */ = {
			isa = XCBuildConfiguration;
			buildSettings = {
				ASSETCATALOG_COMPILER_APPICON_NAME = AppIcon;
				INFOPLIST_FILE = MyNewDate/Info.plist;
				LD_RUNPATH_SEARCH_PATHS = "$(inherited) @executable_path/Frameworks";
				PRODUCT_BUNDLE_IDENTIFIER = ll.MyNewDate;
				PRODUCT_NAME = "$(TARGET_NAME)";
			};
			name = Debug;
		};
		98F0DA3B1D3A927F00308329 /* Release */ = {
			isa = XCBuildConfiguration;
			buildSettings = {
				ASSETCATALOG_COMPILER_APPICON_NAME = AppIcon;
				INFOPLIST_FILE = MyNewDate/Info.plist;
				LD_RUNPATH_SEARCH_PATHS = "$(inherited) @executable_path/Frameworks";
				PRODUCT_BUNDLE_IDENTIFIER = ll.MyNewDate;
				PRODUCT_NAME = "$(TARGET_NAME)";
			};
			name = Release;
		};
/* End XCBuildConfiguration section */

/* Begin XCConfigurationList section */
		98F0DA1D1D3A927E00308329 /* Build configuration list for PBXProject "MyNewDate" */ = {
			isa = XCConfigurationList;
			buildConfigurations = (
				98F0DA371D3A927F00308329 /* Debug */,
				98F0DA381D3A927F00308329 /* Release */,
			);
			defaultConfigurationIsVisible = 0;
			defaultConfigurationName = Release;
		};
		98F0DA391D3A927F00308329 /* Build configuration list for PBXNativeTarget "MyNewDate" */ = {
			isa = XCConfigurationList;
			buildConfigurations = (
				98F0DA3A1D3A927F00308329 /* Debug */,
				98F0DA3B1D3A927F00308329 /* Release */,
			);
			defaultConfigurationIsVisible = 0;
		};
/* End XCConfigurationList section */
	};
	rootObject = 98F0DA1A1D3A927E00308329 /* Project object */;
}
